// !$*UTF8*$!
{
	archiveVersion = 1;
	classes = {
	};
	objectVersion = 55;
	objects = {

/* Begin PBXBuildFile section */
		352D9EEBCD18CE9583D01CDA /* libPods-ccp_ios.a in Frameworks */ = {isa = PBXBuildFile; fileRef = F7BBC899918D0C337AF84C8E /* libPods-ccp_ios.a */; };
		4518B4E62B4ED9C000AA3258 /* no.png in Resources */ = {isa = PBXBuildFile; fileRef = 4518B4E52B4ED9C000AA3258 /* no.png */; };
		452B11102B4AD79100F9ADB2 /* AppDelegate.m in Sources */ = {isa = PBXBuildFile; fileRef = 452B110F2B4AD79100F9ADB2 /* AppDelegate.m */; };
		452B11132B4AD79100F9ADB2 /* SceneDelegate.m in Sources */ = {isa = PBXBuildFile; fileRef = 452B11122B4AD79100F9ADB2 /* SceneDelegate.m */; };
		452B11162B4AD79100F9ADB2 /* ViewController.m in Sources */ = {isa = PBXBuildFile; fileRef = 452B11152B4AD79100F9ADB2 /* ViewController.m */; };
		452B11192B4AD79100F9ADB2 /* Main.storyboard in Resources */ = {isa = PBXBuildFile; fileRef = 452B11172B4AD79100F9ADB2 /* Main.storyboard */; };
		452B111B2B4AD79200F9ADB2 /* Assets.xcassets in Resources */ = {isa = PBXBuildFile; fileRef = 452B111A2B4AD79200F9ADB2 /* Assets.xcassets */; };
		452B111E2B4AD79200F9ADB2 /* LaunchScreen.storyboard in Resources */ = {isa = PBXBuildFile; fileRef = 452B111C2B4AD79200F9ADB2 /* LaunchScreen.storyboard */; };
		452B11212B4AD79200F9ADB2 /* main.m in Sources */ = {isa = PBXBuildFile; fileRef = 452B11202B4AD79200F9ADB2 /* main.m */; };
		452B11322B4ADA3C00F9ADB2 /* DataRead.m in Sources */ = {isa = PBXBuildFile; fileRef = 452B11292B4ADA3C00F9ADB2 /* DataRead.m */; };
		452B11342B4ADA3C00F9ADB2 /* DataWrite.m in Sources */ = {isa = PBXBuildFile; fileRef = 452B112C2B4ADA3C00F9ADB2 /* DataWrite.m */; };
		452B11362B4ADA3C00F9ADB2 /* crc.c in Sources */ = {isa = PBXBuildFile; fileRef = 452B11312B4ADA3C00F9ADB2 /* crc.c */; };
		452B115C2B4ADCE900F9ADB2 /* APP-Surface10_05.png in Resources */ = {isa = PBXBuildFile; fileRef = 452B11382B4ADCE800F9ADB2 /* APP-Surface10_05.png */; };
		452B115D2B4ADCE900F9ADB2 /* APP-Surface3_47.png in Resources */ = {isa = PBXBuildFile; fileRef = 452B11392B4ADCE800F9ADB2 /* APP-Surface3_47.png */; };
		452B115E2B4ADCE900F9ADB2 /* APP-Surface17_09.png in Resources */ = {isa = PBXBuildFile; fileRef = 452B113A2B4ADCE800F9ADB2 /* APP-Surface17_09.png */; };
		452B115F2B4ADCE900F9ADB2 /* APP-Surface4_49.png in Resources */ = {isa = PBXBuildFile; fileRef = 452B113B2B4ADCE800F9ADB2 /* APP-Surface4_49.png */; };
		452B11602B4ADCE900F9ADB2 /* APP-Surface5_09.png in Resources */ = {isa = PBXBuildFile; fileRef = 452B113C2B4ADCE800F9ADB2 /* APP-Surface5_09.png */; };
		452B11612B4ADCE900F9ADB2 /* APP-Surface4_07.png in Resources */ = {isa = PBXBuildFile; fileRef = 452B113D2B4ADCE800F9ADB2 /* APP-Surface4_07.png */; };
		452B11622B4ADCE900F9ADB2 /* APP-Surface18_15.png in Resources */ = {isa = PBXBuildFile; fileRef = 452B113E2B4ADCE800F9ADB2 /* APP-Surface18_15.png */; };
		452B11632B4ADCE900F9ADB2 /* APP-Surface16_05.png in Resources */ = {isa = PBXBuildFile; fileRef = 452B113F2B4ADCE800F9ADB2 /* APP-Surface16_05.png */; };
		452B11642B4ADCE900F9ADB2 /* APP-Surface3_33.png in Resources */ = {isa = PBXBuildFile; fileRef = 452B11402B4ADCE800F9ADB2 /* APP-Surface3_33.png */; };
		452B11652B4ADCE900F9ADB2 /* APP-Surface3_31.png in Resources */ = {isa = PBXBuildFile; fileRef = 452B11412B4ADCE800F9ADB2 /* APP-Surface3_31.png */; };
		452B11662B4ADCE900F9ADB2 /* APP-Surface4_39.png in Resources */ = {isa = PBXBuildFile; fileRef = 452B11422B4ADCE800F9ADB2 /* APP-Surface4_39.png */; };
		452B11672B4ADCE900F9ADB2 /* APP-Surface4_29.png in Resources */ = {isa = PBXBuildFile; fileRef = 452B11432B4ADCE800F9ADB2 /* APP-Surface4_29.png */; };
		452B11682B4ADCE900F9ADB2 /* APP-Surface18_13.png in Resources */ = {isa = PBXBuildFile; fileRef = 452B11442B4ADCE800F9ADB2 /* APP-Surface18_13.png */; };
		452B11692B4ADCE900F9ADB2 /* APP-Surface3_35.png in Resources */ = {isa = PBXBuildFile; fileRef = 452B11452B4ADCE800F9ADB2 /* APP-Surface3_35.png */; };
		452B116A2B4ADCE900F9ADB2 /* APP-Surface18_10.png in Resources */ = {isa = PBXBuildFile; fileRef = 452B11462B4ADCE800F9ADB2 /* APP-Surface18_10.png */; };
		452B116B2B4ADCE900F9ADB2 /* APP-Surface14_05.png in Resources */ = {isa = PBXBuildFile; fileRef = 452B11472B4ADCE800F9ADB2 /* APP-Surface14_05.png */; };
		452B116C2B4ADCE900F9ADB2 /* APP-Surface4_17.png in Resources */ = {isa = PBXBuildFile; fileRef = 452B11482B4ADCE800F9ADB2 /* APP-Surface4_17.png */; };
		452B116D2B4ADCE900F9ADB2 /* APP-Surface3_13.png in Resources */ = {isa = PBXBuildFile; fileRef = 452B11492B4ADCE900F9ADB2 /* APP-Surface3_13.png */; };
		452B116E2B4ADCE900F9ADB2 /* APP-Surface11_05.png in Resources */ = {isa = PBXBuildFile; fileRef = 452B114A2B4ADCE900F9ADB2 /* APP-Surface11_05.png */; };
		452B116F2B4ADCE900F9ADB2 /* APP-Surface4_27.png in Resources */ = {isa = PBXBuildFile; fileRef = 452B114B2B4ADCE900F9ADB2 /* APP-Surface4_27.png */; };
		452B11702B4ADCE900F9ADB2 /* APP-Surface4_19.png in Resources */ = {isa = PBXBuildFile; fileRef = 452B114C2B4ADCE900F9ADB2 /* APP-Surface4_19.png */; };
		452B11712B4ADCE900F9ADB2 /* APP-Surface6_09.png in Resources */ = {isa = PBXBuildFile; fileRef = 452B114D2B4ADCE900F9ADB2 /* APP-Surface6_09.png */; };
		452B11722B4ADCE900F9ADB2 /* APP-Surface3_11.png in Resources */ = {isa = PBXBuildFile; fileRef = 452B114E2B4ADCE900F9ADB2 /* APP-Surface3_11.png */; };
		452B11732B4ADCE900F9ADB2 /* APP-Surface3_15.png in Resources */ = {isa = PBXBuildFile; fileRef = 452B114F2B4ADCE900F9ADB2 /* APP-Surface3_15.png */; };
		452B11742B4ADCE900F9ADB2 /* APP-Surface3_29.png in Resources */ = {isa = PBXBuildFile; fileRef = 452B11502B4ADCE900F9ADB2 /* APP-Surface3_29.png */; };
		452B11752B4ADCE900F9ADB2 /* APP-Surface4_09.png in Resources */ = {isa = PBXBuildFile; fileRef = 452B11512B4ADCE900F9ADB2 /* APP-Surface4_09.png */; };
		452B11762B4ADCE900F9ADB2 /* APP-Surface4_37.png in Resources */ = {isa = PBXBuildFile; fileRef = 452B11522B4ADCE900F9ADB2 /* APP-Surface4_37.png */; };
		452B11772B4ADCE900F9ADB2 /* APP-Surface13_05.png in Resources */ = {isa = PBXBuildFile; fileRef = 452B11532B4ADCE900F9ADB2 /* APP-Surface13_05.png */; };
		452B11782B4ADCE900F9ADB2 /* APP-Surface3_17.png in Resources */ = {isa = PBXBuildFile; fileRef = 452B11542B4ADCE900F9ADB2 /* APP-Surface3_17.png */; };
		452B11792B4ADCE900F9ADB2 /* APP-Surface17_13.png in Resources */ = {isa = PBXBuildFile; fileRef = 452B11552B4ADCE900F9ADB2 /* APP-Surface17_13.png */; };
		452B117A2B4ADCE900F9ADB2 /* APP-Surface17_11.png in Resources */ = {isa = PBXBuildFile; fileRef = 452B11562B4ADCE900F9ADB2 /* APP-Surface17_11.png */; };
		452B117B2B4ADCE900F9ADB2 /* APP-Surface5_07.png in Resources */ = {isa = PBXBuildFile; fileRef = 452B11572B4ADCE900F9ADB2 /* APP-Surface5_07.png */; };
		452B117C2B4ADCE900F9ADB2 /* APP-Surface12_08.png in Resources */ = {isa = PBXBuildFile; fileRef = 452B11582B4ADCE900F9ADB2 /* APP-Surface12_08.png */; };
		452B117D2B4ADCE900F9ADB2 /* APP-Surface4_47.png in Resources */ = {isa = PBXBuildFile; fileRef = 452B11592B4ADCE900F9ADB2 /* APP-Surface4_47.png */; };
		452B117E2B4ADCE900F9ADB2 /* APP-Surface15_05.png in Resources */ = {isa = PBXBuildFile; fileRef = 452B115A2B4ADCE900F9ADB2 /* APP-Surface15_05.png */; };
		452B117F2B4ADCE900F9ADB2 /* APP-Surface19_12.png in Resources */ = {isa = PBXBuildFile; fileRef = 452B115B2B4ADCE900F9ADB2 /* APP-Surface19_12.png */; };
		452B11822B4AED5000F9ADB2 /* MainViewController.m in Sources */ = {isa = PBXBuildFile; fileRef = 452B11812B4AED5000F9ADB2 /* MainViewController.m */; };
		45A53D062B5231E700CD55DE /* PassViewController.m in Sources */ = {isa = PBXBuildFile; fileRef = 45A53D052B5231E700CD55DE /* PassViewController.m */; };
		45A53D0A2B52330E00CD55DE /* ble.png in Resources */ = {isa = PBXBuildFile; fileRef = 45A53D072B52330E00CD55DE /* ble.png */; };
		45A53D0B2B52330E00CD55DE /* setting.png in Resources */ = {isa = PBXBuildFile; fileRef = 45A53D082B52330E00CD55DE /* setting.png */; };
		45A53D0C2B52330E00CD55DE /* MYCOOLMAN.png in Resources */ = {isa = PBXBuildFile; fileRef = 45A53D092B52330E00CD55DE /* MYCOOLMAN.png */; };
		45A53D0F2B5279DE00CD55DE /* SettingViewController.m in Sources */ = {isa = PBXBuildFile; fileRef = 45A53D0E2B5279DE00CD55DE /* SettingViewController.m */; };
/* End PBXBuildFile section */

/* Begin PBXFileReference section */
		4518B4E52B4ED9C000AA3258 /* no.png */ = {isa = PBXFileReference; lastKnownFileType = image.png; path = no.png; sourceTree = "<group>"; };
		452B110B2B4AD79100F9ADB2 /* ccp_ios.app */ = {isa = PBXFileReference; explicitFileType = wrapper.application; includeInIndex = 0; path = ccp_ios.app; sourceTree = BUILT_PRODUCTS_DIR; };
		452B110E2B4AD79100F9ADB2 /* AppDelegate.h */ = {isa = PBXFileReference; lastKnownFileType = sourcecode.c.h; path = AppDelegate.h; sourceTree = "<group>"; };
		452B110F2B4AD79100F9ADB2 /* AppDelegate.m */ = {isa = PBXFileReference; lastKnownFileType = sourcecode.c.objc; path = AppDelegate.m; sourceTree = "<group>"; };
		452B11112B4AD79100F9ADB2 /* SceneDelegate.h */ = {isa = PBXFileReference; lastKnownFileType = sourcecode.c.h; path = SceneDelegate.h; sourceTree = "<group>"; };
		452B11122B4AD79100F9ADB2 /* SceneDelegate.m */ = {isa = PBXFileReference; lastKnownFileType = sourcecode.c.objc; path = SceneDelegate.m; sourceTree = "<group>"; };
		452B11142B4AD79100F9ADB2 /* ViewController.h */ = {isa = PBXFileReference; lastKnownFileType = sourcecode.c.h; path = ViewController.h; sourceTree = "<group>"; };
		452B11152B4AD79100F9ADB2 /* ViewController.m */ = {isa = PBXFileReference; lastKnownFileType = sourcecode.c.objc; path = ViewController.m; sourceTree = "<group>"; };
		452B11182B4AD79100F9ADB2 /* Base */ = {isa = PBXFileReference; lastKnownFileType = file.storyboard; name = Base; path = Base.lproj/Main.storyboard; sourceTree = "<group>"; };
		452B111A2B4AD79200F9ADB2 /* Assets.xcassets */ = {isa = PBXFileReference; lastKnownFileType = folder.assetcatalog; path = Assets.xcassets; sourceTree = "<group>"; };
		452B111D2B4AD79200F9ADB2 /* Base */ = {isa = PBXFileReference; lastKnownFileType = file.storyboard; name = Base; path = Base.lproj/LaunchScreen.storyboard; sourceTree = "<group>"; };
		452B111F2B4AD79200F9ADB2 /* Info.plist */ = {isa = PBXFileReference; lastKnownFileType = text.plist.xml; path = Info.plist; sourceTree = "<group>"; };
		452B11202B4AD79200F9ADB2 /* main.m */ = {isa = PBXFileReference; lastKnownFileType = sourcecode.c.objc; path = main.m; sourceTree = "<group>"; };
		452B11292B4ADA3C00F9ADB2 /* DataRead.m */ = {isa = PBXFileReference; fileEncoding = 4; lastKnownFileType = sourcecode.c.objc; path = DataRead.m; sourceTree = "<group>"; };
		452B112A2B4ADA3C00F9ADB2 /* crc.h */ = {isa = PBXFileReference; fileEncoding = 4; lastKnownFileType = sourcecode.c.h; path = crc.h; sourceTree = "<group>"; };
		452B112C2B4ADA3C00F9ADB2 /* DataWrite.m */ = {isa = PBXFileReference; fileEncoding = 4; lastKnownFileType = sourcecode.c.objc; path = DataWrite.m; sourceTree = "<group>"; };
		452B112E2B4ADA3C00F9ADB2 /* DataRead.h */ = {isa = PBXFileReference; fileEncoding = 4; lastKnownFileType = sourcecode.c.h; path = DataRead.h; sourceTree = "<group>"; };
		452B112F2B4ADA3C00F9ADB2 /* DataWrite.h */ = {isa = PBXFileReference; fileEncoding = 4; lastKnownFileType = sourcecode.c.h; path = DataWrite.h; sourceTree = "<group>"; };
		452B11312B4ADA3C00F9ADB2 /* crc.c */ = {isa = PBXFileReference; fileEncoding = 4; lastKnownFileType = sourcecode.c.c; path = crc.c; sourceTree = "<group>"; };
		452B11382B4ADCE800F9ADB2 /* APP-Surface10_05.png */ = {isa = PBXFileReference; lastKnownFileType = image.png; path = "APP-Surface10_05.png"; sourceTree = "<group>"; };
		452B11392B4ADCE800F9ADB2 /* APP-Surface3_47.png */ = {isa = PBXFileReference; lastKnownFileType = image.png; path = "APP-Surface3_47.png"; sourceTree = "<group>"; };
		452B113A2B4ADCE800F9ADB2 /* APP-Surface17_09.png */ = {isa = PBXFileReference; lastKnownFileType = image.png; path = "APP-Surface17_09.png"; sourceTree = "<group>"; };
		452B113B2B4ADCE800F9ADB2 /* APP-Surface4_49.png */ = {isa = PBXFileReference; lastKnownFileType = image.png; path = "APP-Surface4_49.png"; sourceTree = "<group>"; };
		452B113C2B4ADCE800F9ADB2 /* APP-Surface5_09.png */ = {isa = PBXFileReference; lastKnownFileType = image.png; path = "APP-Surface5_09.png"; sourceTree = "<group>"; };
		452B113D2B4ADCE800F9ADB2 /* APP-Surface4_07.png */ = {isa = PBXFileReference; lastKnownFileType = image.png; path = "APP-Surface4_07.png"; sourceTree = "<group>"; };
		452B113E2B4ADCE800F9ADB2 /* APP-Surface18_15.png */ = {isa = PBXFileReference; lastKnownFileType = image.png; path = "APP-Surface18_15.png"; sourceTree = "<group>"; };
		452B113F2B4ADCE800F9ADB2 /* APP-Surface16_05.png */ = {isa = PBXFileReference; lastKnownFileType = image.png; path = "APP-Surface16_05.png"; sourceTree = "<group>"; };
		452B11402B4ADCE800F9ADB2 /* APP-Surface3_33.png */ = {isa = PBXFileReference; lastKnownFileType = image.png; path = "APP-Surface3_33.png"; sourceTree = "<group>"; };
		452B11412B4ADCE800F9ADB2 /* APP-Surface3_31.png */ = {isa = PBXFileReference; lastKnownFileType = image.png; path = "APP-Surface3_31.png"; sourceTree = "<group>"; };
		452B11422B4ADCE800F9ADB2 /* APP-Surface4_39.png */ = {isa = PBXFileReference; lastKnownFileType = image.png; path = "APP-Surface4_39.png"; sourceTree = "<group>"; };
		452B11432B4ADCE800F9ADB2 /* APP-Surface4_29.png */ = {isa = PBXFileReference; lastKnownFileType = image.png; path = "APP-Surface4_29.png"; sourceTree = "<group>"; };
		452B11442B4ADCE800F9ADB2 /* APP-Surface18_13.png */ = {isa = PBXFileReference; lastKnownFileType = image.png; path = "APP-Surface18_13.png"; sourceTree = "<group>"; };
		452B11452B4ADCE800F9ADB2 /* APP-Surface3_35.png */ = {isa = PBXFileReference; lastKnownFileType = image.png; path = "APP-Surface3_35.png"; sourceTree = "<group>"; };
		452B11462B4ADCE800F9ADB2 /* APP-Surface18_10.png */ = {isa = PBXFileReference; lastKnownFileType = image.png; path = "APP-Surface18_10.png"; sourceTree = "<group>"; };
		452B11472B4ADCE800F9ADB2 /* APP-Surface14_05.png */ = {isa = PBXFileReference; lastKnownFileType = image.png; path = "APP-Surface14_05.png"; sourceTree = "<group>"; };
		452B11482B4ADCE800F9ADB2 /* APP-Surface4_17.png */ = {isa = PBXFileReference; lastKnownFileType = image.png; path = "APP-Surface4_17.png"; sourceTree = "<group>"; };
		452B11492B4ADCE900F9ADB2 /* APP-Surface3_13.png */ = {isa = PBXFileReference; lastKnownFileType = image.png; path = "APP-Surface3_13.png"; sourceTree = "<group>"; };
		452B114A2B4ADCE900F9ADB2 /* APP-Surface11_05.png */ = {isa = PBXFileReference; lastKnownFileType = image.png; path = "APP-Surface11_05.png"; sourceTree = "<group>"; };
		452B114B2B4ADCE900F9ADB2 /* APP-Surface4_27.png */ = {isa = PBXFileReference; lastKnownFileType = image.png; path = "APP-Surface4_27.png"; sourceTree = "<group>"; };
		452B114C2B4ADCE900F9ADB2 /* APP-Surface4_19.png */ = {isa = PBXFileReference; lastKnownFileType = image.png; path = "APP-Surface4_19.png"; sourceTree = "<group>"; };
		452B114D2B4ADCE900F9ADB2 /* APP-Surface6_09.png */ = {isa = PBXFileReference; lastKnownFileType = image.png; path = "APP-Surface6_09.png"; sourceTree = "<group>"; };
		452B114E2B4ADCE900F9ADB2 /* APP-Surface3_11.png */ = {isa = PBXFileReference; lastKnownFileType = image.png; path = "APP-Surface3_11.png"; sourceTree = "<group>"; };
		452B114F2B4ADCE900F9ADB2 /* APP-Surface3_15.png */ = {isa = PBXFileReference; lastKnownFileType = image.png; path = "APP-Surface3_15.png"; sourceTree = "<group>"; };
		452B11502B4ADCE900F9ADB2 /* APP-Surface3_29.png */ = {isa = PBXFileReference; lastKnownFileType = image.png; path = "APP-Surface3_29.png"; sourceTree = "<group>"; };
		452B11512B4ADCE900F9ADB2 /* APP-Surface4_09.png */ = {isa = PBXFileReference; lastKnownFileType = image.png; path = "APP-Surface4_09.png"; sourceTree = "<group>"; };
		452B11522B4ADCE900F9ADB2 /* APP-Surface4_37.png */ = {isa = PBXFileReference; lastKnownFileType = image.png; path = "APP-Surface4_37.png"; sourceTree = "<group>"; };
		452B11532B4ADCE900F9ADB2 /* APP-Surface13_05.png */ = {isa = PBXFileReference; lastKnownFileType = image.png; path = "APP-Surface13_05.png"; sourceTree = "<group>"; };
		452B11542B4ADCE900F9ADB2 /* APP-Surface3_17.png */ = {isa = PBXFileReference; lastKnownFileType = image.png; path = "APP-Surface3_17.png"; sourceTree = "<group>"; };
		452B11552B4ADCE900F9ADB2 /* APP-Surface17_13.png */ = {isa = PBXFileReference; lastKnownFileType = image.png; path = "APP-Surface17_13.png"; sourceTree = "<group>"; };
		452B11562B4ADCE900F9ADB2 /* APP-Surface17_11.png */ = {isa = PBXFileReference; lastKnownFileType = image.png; path = "APP-Surface17_11.png"; sourceTree = "<group>"; };
		452B11572B4ADCE900F9ADB2 /* APP-Surface5_07.png */ = {isa = PBXFileReference; lastKnownFileType = image.png; path = "APP-Surface5_07.png"; sourceTree = "<group>"; };
		452B11582B4ADCE900F9ADB2 /* APP-Surface12_08.png */ = {isa = PBXFileReference; lastKnownFileType = image.png; path = "APP-Surface12_08.png"; sourceTree = "<group>"; };
		452B11592B4ADCE900F9ADB2 /* APP-Surface4_47.png */ = {isa = PBXFileReference; lastKnownFileType = image.png; path = "APP-Surface4_47.png"; sourceTree = "<group>"; };
		452B115A2B4ADCE900F9ADB2 /* APP-Surface15_05.png */ = {isa = PBXFileReference; lastKnownFileType = image.png; path = "APP-Surface15_05.png"; sourceTree = "<group>"; };
		452B115B2B4ADCE900F9ADB2 /* APP-Surface19_12.png */ = {isa = PBXFileReference; lastKnownFileType = image.png; path = "APP-Surface19_12.png"; sourceTree = "<group>"; };
		452B11802B4AED5000F9ADB2 /* MainViewController.h */ = {isa = PBXFileReference; lastKnownFileType = sourcecode.c.h; path = MainViewController.h; sourceTree = "<group>"; };
		452B11812B4AED5000F9ADB2 /* MainViewController.m */ = {isa = PBXFileReference; lastKnownFileType = sourcecode.c.objc; path = MainViewController.m; sourceTree = "<group>"; };
		45A53D042B5231E700CD55DE /* PassViewController.h */ = {isa = PBXFileReference; lastKnownFileType = sourcecode.c.h; path = PassViewController.h; sourceTree = "<group>"; };
		45A53D052B5231E700CD55DE /* PassViewController.m */ = {isa = PBXFileReference; lastKnownFileType = sourcecode.c.objc; path = PassViewController.m; sourceTree = "<group>"; };
		45A53D072B52330E00CD55DE /* ble.png */ = {isa = PBXFileReference; lastKnownFileType = image.png; path = ble.png; sourceTree = "<group>"; };
		45A53D082B52330E00CD55DE /* setting.png */ = {isa = PBXFileReference; lastKnownFileType = image.png; path = setting.png; sourceTree = "<group>"; };
		45A53D092B52330E00CD55DE /* MYCOOLMAN.png */ = {isa = PBXFileReference; lastKnownFileType = image.png; path = MYCOOLMAN.png; sourceTree = "<group>"; };
		45A53D0D2B5279DE00CD55DE /* SettingViewController.h */ = {isa = PBXFileReference; lastKnownFileType = sourcecode.c.h; path = SettingViewController.h; sourceTree = "<group>"; };
		45A53D0E2B5279DE00CD55DE /* SettingViewController.m */ = {isa = PBXFileReference; lastKnownFileType = sourcecode.c.objc; path = SettingViewController.m; sourceTree = "<group>"; };
		89B0D723B90E64F241644A2C /* Pods-ccp_ios.debug.xcconfig */ = {isa = PBXFileReference; includeInIndex = 1; lastKnownFileType = text.xcconfig; name = "Pods-ccp_ios.debug.xcconfig"; path = "Target Support Files/Pods-ccp_ios/Pods-ccp_ios.debug.xcconfig"; sourceTree = "<group>"; };
		9E2212E246D9E83CBBFD1E46 /* Pods-ccp_ios.release.xcconfig */ = {isa = PBXFileReference; includeInIndex = 1; lastKnownFileType = text.xcconfig; name = "Pods-ccp_ios.release.xcconfig"; path = "Target Support Files/Pods-ccp_ios/Pods-ccp_ios.release.xcconfig"; sourceTree = "<group>"; };
		F7BBC899918D0C337AF84C8E /* libPods-ccp_ios.a */ = {isa = PBXFileReference; explicitFileType = archive.ar; includeInIndex = 0; path = "libPods-ccp_ios.a"; sourceTree = BUILT_PRODUCTS_DIR; };
/* End PBXFileReference section */

/* Begin PBXFrameworksBuildPhase section */
		452B11082B4AD79000F9ADB2 /* Frameworks */ = {
			isa = PBXFrameworksBuildPhase;
			buildActionMask = 2147483647;
			files = (
				352D9EEBCD18CE9583D01CDA /* libPods-ccp_ios.a in Frameworks */,
			);
			runOnlyForDeploymentPostprocessing = 0;
		};
/* End PBXFrameworksBuildPhase section */

/* Begin PBXGroup section */
		452B11022B4AD79000F9ADB2 = {
			isa = PBXGroup;
			children = (
				452B110D2B4AD79100F9ADB2 /* ccp_ios */,
				452B110C2B4AD79100F9ADB2 /* Products */,
				DA951BCBFA6E58C5BA5F91E0 /* Pods */,
				4DFCD61EEF5E38F6C9031866 /* Frameworks */,
			);
			sourceTree = "<group>";
		};
		452B110C2B4AD79100F9ADB2 /* Products */ = {
			isa = PBXGroup;
			children = (
				452B110B2B4AD79100F9ADB2 /* ccp_ios.app */,
			);
			name = Products;
			sourceTree = "<group>";
		};
		452B110D2B4AD79100F9ADB2 /* ccp_ios */ = {
			isa = PBXGroup;
			children = (
				452B11372B4ADCE800F9ADB2 /* images */,
				452B11272B4ADA3C00F9ADB2 /* Datas */,
				452B110E2B4AD79100F9ADB2 /* AppDelegate.h */,
				452B110F2B4AD79100F9ADB2 /* AppDelegate.m */,
				452B11112B4AD79100F9ADB2 /* SceneDelegate.h */,
				452B11122B4AD79100F9ADB2 /* SceneDelegate.m */,
				452B11142B4AD79100F9ADB2 /* ViewController.h */,
				452B11152B4AD79100F9ADB2 /* ViewController.m */,
				45A53D042B5231E700CD55DE /* PassViewController.h */,
				45A53D052B5231E700CD55DE /* PassViewController.m */,
				452B11802B4AED5000F9ADB2 /* MainViewController.h */,
				452B11812B4AED5000F9ADB2 /* MainViewController.m */,
				45A53D0D2B5279DE00CD55DE /* SettingViewController.h */,
				45A53D0E2B5279DE00CD55DE /* SettingViewController.m */,
				452B11172B4AD79100F9ADB2 /* Main.storyboard */,
				452B111A2B4AD79200F9ADB2 /* Assets.xcassets */,
				452B111C2B4AD79200F9ADB2 /* LaunchScreen.storyboard */,
				452B111F2B4AD79200F9ADB2 /* Info.plist */,
				452B11202B4AD79200F9ADB2 /* main.m */,
			);
			path = ccp_ios;
			sourceTree = "<group>";
		};
		452B11272B4ADA3C00F9ADB2 /* Datas */ = {
			isa = PBXGroup;
			children = (
				452B11292B4ADA3C00F9ADB2 /* DataRead.m */,
				452B112A2B4ADA3C00F9ADB2 /* crc.h */,
				452B112C2B4ADA3C00F9ADB2 /* DataWrite.m */,
				452B112E2B4ADA3C00F9ADB2 /* DataRead.h */,
				452B112F2B4ADA3C00F9ADB2 /* DataWrite.h */,
				452B11312B4ADA3C00F9ADB2 /* crc.c */,
			);
			path = Datas;
			sourceTree = "<group>";
		};
		452B11372B4ADCE800F9ADB2 /* images */ = {
			isa = PBXGroup;
			children = (
				45A53D072B52330E00CD55DE /* ble.png */,
				45A53D092B52330E00CD55DE /* MYCOOLMAN.png */,
				45A53D082B52330E00CD55DE /* setting.png */,
				4518B4E52B4ED9C000AA3258 /* no.png */,
				452B11382B4ADCE800F9ADB2 /* APP-Surface10_05.png */,
				452B11392B4ADCE800F9ADB2 /* APP-Surface3_47.png */,
				452B113A2B4ADCE800F9ADB2 /* APP-Surface17_09.png */,
				452B113B2B4ADCE800F9ADB2 /* APP-Surface4_49.png */,
				452B113C2B4ADCE800F9ADB2 /* APP-Surface5_09.png */,
				452B113D2B4ADCE800F9ADB2 /* APP-Surface4_07.png */,
				452B113E2B4ADCE800F9ADB2 /* APP-Surface18_15.png */,
				452B113F2B4ADCE800F9ADB2 /* APP-Surface16_05.png */,
				452B11402B4ADCE800F9ADB2 /* APP-Surface3_33.png */,
				452B11412B4ADCE800F9ADB2 /* APP-Surface3_31.png */,
				452B11422B4ADCE800F9ADB2 /* APP-Surface4_39.png */,
				452B11432B4ADCE800F9ADB2 /* APP-Surface4_29.png */,
				452B11442B4ADCE800F9ADB2 /* APP-Surface18_13.png */,
				452B11452B4ADCE800F9ADB2 /* APP-Surface3_35.png */,
				452B11462B4ADCE800F9ADB2 /* APP-Surface18_10.png */,
				452B11472B4ADCE800F9ADB2 /* APP-Surface14_05.png */,
				452B11482B4ADCE800F9ADB2 /* APP-Surface4_17.png */,
				452B11492B4ADCE900F9ADB2 /* APP-Surface3_13.png */,
				452B114A2B4ADCE900F9ADB2 /* APP-Surface11_05.png */,
				452B114B2B4ADCE900F9ADB2 /* APP-Surface4_27.png */,
				452B114C2B4ADCE900F9ADB2 /* APP-Surface4_19.png */,
				452B114D2B4ADCE900F9ADB2 /* APP-Surface6_09.png */,
				452B114E2B4ADCE900F9ADB2 /* APP-Surface3_11.png */,
				452B114F2B4ADCE900F9ADB2 /* APP-Surface3_15.png */,
				452B11502B4ADCE900F9ADB2 /* APP-Surface3_29.png */,
				452B11512B4ADCE900F9ADB2 /* APP-Surface4_09.png */,
				452B11522B4ADCE900F9ADB2 /* APP-Surface4_37.png */,
				452B11532B4ADCE900F9ADB2 /* APP-Surface13_05.png */,
				452B11542B4ADCE900F9ADB2 /* APP-Surface3_17.png */,
				452B11552B4ADCE900F9ADB2 /* APP-Surface17_13.png */,
				452B11562B4ADCE900F9ADB2 /* APP-Surface17_11.png */,
				452B11572B4ADCE900F9ADB2 /* APP-Surface5_07.png */,
				452B11582B4ADCE900F9ADB2 /* APP-Surface12_08.png */,
				452B11592B4ADCE900F9ADB2 /* APP-Surface4_47.png */,
				452B115A2B4ADCE900F9ADB2 /* APP-Surface15_05.png */,
				452B115B2B4ADCE900F9ADB2 /* APP-Surface19_12.png */,
			);
			path = images;
			sourceTree = SOURCE_ROOT;
		};
		4DFCD61EEF5E38F6C9031866 /* Frameworks */ = {
			isa = PBXGroup;
			children = (
				F7BBC899918D0C337AF84C8E /* libPods-ccp_ios.a */,
			);
			name = Frameworks;
			sourceTree = "<group>";
		};
		DA951BCBFA6E58C5BA5F91E0 /* Pods */ = {
			isa = PBXGroup;
			children = (
				89B0D723B90E64F241644A2C /* Pods-ccp_ios.debug.xcconfig */,
				9E2212E246D9E83CBBFD1E46 /* Pods-ccp_ios.release.xcconfig */,
			);
			path = Pods;
			sourceTree = "<group>";
		};
/* End PBXGroup section */

/* Begin PBXNativeTarget section */
		452B110A2B4AD79000F9ADB2 /* ccp_ios */ = {
			isa = PBXNativeTarget;
			buildConfigurationList = 452B11242B4AD79200F9ADB2 /* Build configuration list for PBXNativeTarget "ccp_ios" */;
			buildPhases = (
				4CA14872962F84610880527C /* [CP] Check Pods Manifest.lock */,
				452B11072B4AD79000F9ADB2 /* Sources */,
				452B11082B4AD79000F9ADB2 /* Frameworks */,
				452B11092B4AD79000F9ADB2 /* Resources */,
			);
			buildRules = (
			);
			dependencies = (
			);
			name = ccp_ios;
			productName = ccp_ios;
			productReference = 452B110B2B4AD79100F9ADB2 /* ccp_ios.app */;
			productType = "com.apple.product-type.application";
		};
/* End PBXNativeTarget section */

/* Begin PBXProject section */
		452B11032B4AD79000F9ADB2 /* Project object */ = {
			isa = PBXProject;
			attributes = {
				BuildIndependentTargetsInParallel = 1;
				LastUpgradeCheck = 1340;
				TargetAttributes = {
					452B110A2B4AD79000F9ADB2 = {
						CreatedOnToolsVersion = 13.4.1;
					};
				};
			};
			buildConfigurationList = 452B11062B4AD79000F9ADB2 /* Build configuration list for PBXProject "ccp_ios" */;
			compatibilityVersion = "Xcode 13.0";
			developmentRegion = en;
			hasScannedForEncodings = 0;
			knownRegions = (
				en,
				Base,
			);
			mainGroup = 452B11022B4AD79000F9ADB2;
			productRefGroup = 452B110C2B4AD79100F9ADB2 /* Products */;
			projectDirPath = "";
			projectRoot = "";
			targets = (
				452B110A2B4AD79000F9ADB2 /* ccp_ios */,
			);
		};
/* End PBXProject section */

/* Begin PBXResourcesBuildPhase section */
		452B11092B4AD79000F9ADB2 /* Resources */ = {
			isa = PBXResourcesBuildPhase;
			buildActionMask = 2147483647;
			files = (
				452B116B2B4ADCE900F9ADB2 /* APP-Surface14_05.png in Resources */,
				452B111E2B4AD79200F9ADB2 /* LaunchScreen.storyboard in Resources */,
				452B11702B4ADCE900F9ADB2 /* APP-Surface4_19.png in Resources */,
				452B116D2B4ADCE900F9ADB2 /* APP-Surface3_13.png in Resources */,
				452B117B2B4ADCE900F9ADB2 /* APP-Surface5_07.png in Resources */,
				452B11792B4ADCE900F9ADB2 /* APP-Surface17_13.png in Resources */,
				452B115D2B4ADCE900F9ADB2 /* APP-Surface3_47.png in Resources */,
				452B11772B4ADCE900F9ADB2 /* APP-Surface13_05.png in Resources */,
				452B11692B4ADCE900F9ADB2 /* APP-Surface3_35.png in Resources */,
				452B116C2B4ADCE900F9ADB2 /* APP-Surface4_17.png in Resources */,
				452B11722B4ADCE900F9ADB2 /* APP-Surface3_11.png in Resources */,
				452B11602B4ADCE900F9ADB2 /* APP-Surface5_09.png in Resources */,
				452B117F2B4ADCE900F9ADB2 /* APP-Surface19_12.png in Resources */,
				452B117A2B4ADCE900F9ADB2 /* APP-Surface17_11.png in Resources */,
				45A53D0C2B52330E00CD55DE /* MYCOOLMAN.png in Resources */,
				452B111B2B4AD79200F9ADB2 /* Assets.xcassets in Resources */,
				452B116F2B4ADCE900F9ADB2 /* APP-Surface4_27.png in Resources */,
				452B11732B4ADCE900F9ADB2 /* APP-Surface3_15.png in Resources */,
				452B116A2B4ADCE900F9ADB2 /* APP-Surface18_10.png in Resources */,
				452B11192B4AD79100F9ADB2 /* Main.storyboard in Resources */,
				452B117E2B4ADCE900F9ADB2 /* APP-Surface15_05.png in Resources */,
				452B11672B4ADCE900F9ADB2 /* APP-Surface4_29.png in Resources */,
				452B11642B4ADCE900F9ADB2 /* APP-Surface3_33.png in Resources */,
				452B11612B4ADCE900F9ADB2 /* APP-Surface4_07.png in Resources */,
				452B11622B4ADCE900F9ADB2 /* APP-Surface18_15.png in Resources */,
				452B116E2B4ADCE900F9ADB2 /* APP-Surface11_05.png in Resources */,
				452B117D2B4ADCE900F9ADB2 /* APP-Surface4_47.png in Resources */,
				452B115E2B4ADCE900F9ADB2 /* APP-Surface17_09.png in Resources */,
				452B117C2B4ADCE900F9ADB2 /* APP-Surface12_08.png in Resources */,
				452B11762B4ADCE900F9ADB2 /* APP-Surface4_37.png in Resources */,
				452B11682B4ADCE900F9ADB2 /* APP-Surface18_13.png in Resources */,
				4518B4E62B4ED9C000AA3258 /* no.png in Resources */,
				452B11782B4ADCE900F9ADB2 /* APP-Surface3_17.png in Resources */,
				45A53D0A2B52330E00CD55DE /* ble.png in Resources */,
				452B115F2B4ADCE900F9ADB2 /* APP-Surface4_49.png in Resources */,
				452B11752B4ADCE900F9ADB2 /* APP-Surface4_09.png in Resources */,
				452B11662B4ADCE900F9ADB2 /* APP-Surface4_39.png in Resources */,
				452B115C2B4ADCE900F9ADB2 /* APP-Surface10_05.png in Resources */,
				452B11632B4ADCE900F9ADB2 /* APP-Surface16_05.png in Resources */,
				45A53D0B2B52330E00CD55DE /* setting.png in Resources */,
				452B11652B4ADCE900F9ADB2 /* APP-Surface3_31.png in Resources */,
				452B11742B4ADCE900F9ADB2 /* APP-Surface3_29.png in Resources */,
				452B11712B4ADCE900F9ADB2 /* APP-Surface6_09.png in Resources */,
			);
			runOnlyForDeploymentPostprocessing = 0;
		};
/* End PBXResourcesBuildPhase section */

/* Begin PBXShellScriptBuildPhase section */
		4CA14872962F84610880527C /* [CP] Check Pods Manifest.lock */ = {
			isa = PBXShellScriptBuildPhase;
			buildActionMask = 2147483647;
			files = (
			);
			inputFileListPaths = (
			);
			inputPaths = (
				"${PODS_PODFILE_DIR_PATH}/Podfile.lock",
				"${PODS_ROOT}/Manifest.lock",
			);
			name = "[CP] Check Pods Manifest.lock";
			outputFileListPaths = (
			);
			outputPaths = (
				"$(DERIVED_FILE_DIR)/Pods-ccp_ios-checkManifestLockResult.txt",
			);
			runOnlyForDeploymentPostprocessing = 0;
			shellPath = /bin/sh;
			shellScript = "diff \"${PODS_PODFILE_DIR_PATH}/Podfile.lock\" \"${PODS_ROOT}/Manifest.lock\" > /dev/null\nif [ $? != 0 ] ; then\n    # print error to STDERR\n    echo \"error: The sandbox is not in sync with the Podfile.lock. Run 'pod install' or update your CocoaPods installation.\" >&2\n    exit 1\nfi\n# This output is used by Xcode 'outputs' to avoid re-running this script phase.\necho \"SUCCESS\" > \"${SCRIPT_OUTPUT_FILE_0}\"\n";
			showEnvVarsInLog = 0;
		};
/* End PBXShellScriptBuildPhase section */

/* Begin PBXSourcesBuildPhase section */
		452B11072B4AD79000F9ADB2 /* Sources */ = {
			isa = PBXSourcesBuildPhase;
			buildActionMask = 2147483647;
			files = (
				452B11162B4AD79100F9ADB2 /* ViewController.m in Sources */,
				452B11322B4ADA3C00F9ADB2 /* DataRead.m in Sources */,
				45A53D062B5231E700CD55DE /* PassViewController.m in Sources */,
				452B11822B4AED5000F9ADB2 /* MainViewController.m in Sources */,
				452B11362B4ADA3C00F9ADB2 /* crc.c in Sources */,
				452B11102B4AD79100F9ADB2 /* AppDelegate.m in Sources */,
				452B11342B4ADA3C00F9ADB2 /* DataWrite.m in Sources */,
				452B11212B4AD79200F9ADB2 /* main.m in Sources */,
				452B11132B4AD79100F9ADB2 /* SceneDelegate.m in Sources */,
				45A53D0F2B5279DE00CD55DE /* SettingViewController.m in Sources */,
			);
			runOnlyForDeploymentPostprocessing = 0;
		};
/* End PBXSourcesBuildPhase section */

/* Begin PBXVariantGroup section */
		452B11172B4AD79100F9ADB2 /* Main.storyboard */ = {
			isa = PBXVariantGroup;
			children = (
				452B11182B4AD79100F9ADB2 /* Base */,
			);
			name = Main.storyboard;
			sourceTree = "<group>";
		};
		452B111C2B4AD79200F9ADB2 /* LaunchScreen.storyboard */ = {
			isa = PBXVariantGroup;
			children = (
				452B111D2B4AD79200F9ADB2 /* Base */,
			);
			name = LaunchScreen.storyboard;
			sourceTree = "<group>";
		};
/* End PBXVariantGroup section */

/* Begin XCBuildConfiguration section */
		452B11222B4AD79200F9ADB2 /* Debug */ = {
			isa = XCBuildConfiguration;
			buildSettings = {
				ALWAYS_SEARCH_USER_PATHS = NO;
				CLANG_ANALYZER_NONNULL = YES;
				CLANG_ANALYZER_NUMBER_OBJECT_CONVERSION = YES_AGGRESSIVE;
				CLANG_CXX_LANGUAGE_STANDARD = "gnu++17";
				CLANG_ENABLE_MODULES = YES;
				CLANG_ENABLE_OBJC_ARC = YES;
				CLANG_ENABLE_OBJC_WEAK = YES;
				CLANG_WARN_BLOCK_CAPTURE_AUTORELEASING = YES;
				CLANG_WARN_BOOL_CONVERSION = YES;
				CLANG_WARN_COMMA = YES;
				CLANG_WARN_CONSTANT_CONVERSION = YES;
				CLANG_WARN_DEPRECATED_OBJC_IMPLEMENTATIONS = YES;
				CLANG_WARN_DIRECT_OBJC_ISA_USAGE = YES_ERROR;
				CLANG_WARN_DOCUMENTATION_COMMENTS = YES;
				CLANG_WARN_EMPTY_BODY = YES;
				CLANG_WARN_ENUM_CONVERSION = YES;
				CLANG_WARN_INFINITE_RECURSION = YES;
				CLANG_WARN_INT_CONVERSION = YES;
				CLANG_WARN_NON_LITERAL_NULL_CONVERSION = YES;
				CLANG_WARN_OBJC_IMPLICIT_RETAIN_SELF = YES;
				CLANG_WARN_OBJC_LITERAL_CONVERSION = YES;
				CLANG_WARN_OBJC_ROOT_CLASS = YES_ERROR;
				CLANG_WARN_QUOTED_INCLUDE_IN_FRAMEWORK_HEADER = YES;
				CLANG_WARN_RANGE_LOOP_ANALYSIS = YES;
				CLANG_WARN_STRICT_PROTOTYPES = YES;
				CLANG_WARN_SUSPICIOUS_MOVE = YES;
				CLANG_WARN_UNGUARDED_AVAILABILITY = YES_AGGRESSIVE;
				CLANG_WARN_UNREACHABLE_CODE = YES;
				CLANG_WARN__DUPLICATE_METHOD_MATCH = YES;
				COPY_PHASE_STRIP = NO;
				DEBUG_INFORMATION_FORMAT = dwarf;
				ENABLE_STRICT_OBJC_MSGSEND = YES;
				ENABLE_TESTABILITY = YES;
				GCC_C_LANGUAGE_STANDARD = gnu11;
				GCC_DYNAMIC_NO_PIC = NO;
				GCC_NO_COMMON_BLOCKS = YES;
				GCC_OPTIMIZATION_LEVEL = 0;
				GCC_PREPROCESSOR_DEFINITIONS = (
					"DEBUG=1",
					"$(inherited)",
				);
				GCC_WARN_64_TO_32_BIT_CONVERSION = YES;
				GCC_WARN_ABOUT_RETURN_TYPE = YES_ERROR;
				GCC_WARN_UNDECLARED_SELECTOR = YES;
				GCC_WARN_UNINITIALIZED_AUTOS = YES_AGGRESSIVE;
				GCC_WARN_UNUSED_FUNCTION = YES;
				GCC_WARN_UNUSED_VARIABLE = YES;
				IPHONEOS_DEPLOYMENT_TARGET = 13.5;
				MTL_ENABLE_DEBUG_INFO = INCLUDE_SOURCE;
				MTL_FAST_MATH = YES;
				ONLY_ACTIVE_ARCH = YES;
				SDKROOT = iphoneos;
			};
			name = Debug;
		};
		452B11232B4AD79200F9ADB2 /* Release */ = {
			isa = XCBuildConfiguration;
			buildSettings = {
				ALWAYS_SEARCH_USER_PATHS = NO;
				CLANG_ANALYZER_NONNULL = YES;
				CLANG_ANALYZER_NUMBER_OBJECT_CONVERSION = YES_AGGRESSIVE;
				CLANG_CXX_LANGUAGE_STANDARD = "gnu++17";
				CLANG_ENABLE_MODULES = YES;
				CLANG_ENABLE_OBJC_ARC = YES;
				CLANG_ENABLE_OBJC_WEAK = YES;
				CLANG_WARN_BLOCK_CAPTURE_AUTORELEASING = YES;
				CLANG_WARN_BOOL_CONVERSION = YES;
				CLANG_WARN_COMMA = YES;
				CLANG_WARN_CONSTANT_CONVERSION = YES;
				CLANG_WARN_DEPRECATED_OBJC_IMPLEMENTATIONS = YES;
				CLANG_WARN_DIRECT_OBJC_ISA_USAGE = YES_ERROR;
				CLANG_WARN_DOCUMENTATION_COMMENTS = YES;
				CLANG_WARN_EMPTY_BODY = YES;
				CLANG_WARN_ENUM_CONVERSION = YES;
				CLANG_WARN_INFINITE_RECURSION = YES;
				CLANG_WARN_INT_CONVERSION = YES;
				CLANG_WARN_NON_LITERAL_NULL_CONVERSION = YES;
				CLANG_WARN_OBJC_IMPLICIT_RETAIN_SELF = YES;
				CLANG_WARN_OBJC_LITERAL_CONVERSION = YES;
				CLANG_WARN_OBJC_ROOT_CLASS = YES_ERROR;
				CLANG_WARN_QUOTED_INCLUDE_IN_FRAMEWORK_HEADER = YES;
				CLANG_WARN_RANGE_LOOP_ANALYSIS = YES;
				CLANG_WARN_STRICT_PROTOTYPES = YES;
				CLANG_WARN_SUSPICIOUS_MOVE = YES;
				CLANG_WARN_UNGUARDED_AVAILABILITY = YES_AGGRESSIVE;
				CLANG_WARN_UNREACHABLE_CODE = YES;
				CLANG_WARN__DUPLICATE_METHOD_MATCH = YES;
				COPY_PHASE_STRIP = NO;
				DEBUG_INFORMATION_FORMAT = "dwarf-with-dsym";
				ENABLE_NS_ASSERTIONS = NO;
				ENABLE_STRICT_OBJC_MSGSEND = YES;
				GCC_C_LANGUAGE_STANDARD = gnu11;
				GCC_NO_COMMON_BLOCKS = YES;
				GCC_WARN_64_TO_32_BIT_CONVERSION = YES;
				GCC_WARN_ABOUT_RETURN_TYPE = YES_ERROR;
				GCC_WARN_UNDECLARED_SELECTOR = YES;
				GCC_WARN_UNINITIALIZED_AUTOS = YES_AGGRESSIVE;
				GCC_WARN_UNUSED_FUNCTION = YES;
				GCC_WARN_UNUSED_VARIABLE = YES;
				IPHONEOS_DEPLOYMENT_TARGET = 13.5;
				MTL_ENABLE_DEBUG_INFO = NO;
				MTL_FAST_MATH = YES;
				SDKROOT = iphoneos;
				VALIDATE_PRODUCT = YES;
			};
			name = Release;
		};
		452B11252B4AD79200F9ADB2 /* Debug */ = {
			isa = XCBuildConfiguration;
			baseConfigurationReference = 89B0D723B90E64F241644A2C /* Pods-ccp_ios.debug.xcconfig */;
			buildSettings = {
				ASSETCATALOG_COMPILER_APPICON_NAME = AppIcon;
				ASSETCATALOG_COMPILER_GLOBAL_ACCENT_COLOR_NAME = AccentColor;
				CODE_SIGN_STYLE = Automatic;
				CURRENT_PROJECT_VERSION = 1;
				DEVELOPMENT_TEAM = KVC8NZTYE2;
				GENERATE_INFOPLIST_FILE = YES;
				INFOPLIST_FILE = ccp_ios/Info.plist;
				INFOPLIST_KEY_CFBundleDisplayName = "myCOOLMAN RECREATIONAL";
				INFOPLIST_KEY_NSBluetoothAlwaysUsageDescription = "This app will use your bluetooth to connect the refrigation";
				INFOPLIST_KEY_NSBluetoothPeripheralUsageDescription = "This app will use your bluetooth to connect the refrigation";
				INFOPLIST_KEY_UIApplicationSupportsIndirectInputEvents = YES;
				INFOPLIST_KEY_UILaunchStoryboardName = LaunchScreen;
				INFOPLIST_KEY_UIMainStoryboardFile = Main;
				INFOPLIST_KEY_UISupportedInterfaceOrientations_iPad = "UIInterfaceOrientationPortrait UIInterfaceOrientationPortraitUpsideDown UIInterfaceOrientationLandscapeLeft UIInterfaceOrientationLandscapeRight";
				INFOPLIST_KEY_UISupportedInterfaceOrientations_iPhone = "UIInterfaceOrientationPortrait UIInterfaceOrientationLandscapeLeft UIInterfaceOrientationLandscapeRight";
				LD_RUNPATH_SEARCH_PATHS = (
					"$(inherited)",
					"@executable_path/Frameworks",
				);
				MARKETING_VERSION = 1.0;
				PRODUCT_BUNDLE_IDENTIFIER = "com.luoxs.www.ccp-ios";
				PRODUCT_NAME = "$(TARGET_NAME)";
				SWIFT_EMIT_LOC_STRINGS = YES;
				TARGETED_DEVICE_FAMILY = "1,2";
			};
			name = Debug;
		};
		452B11262B4AD79200F9ADB2 /* Release */ = {
			isa = XCBuildConfiguration;
			baseConfigurationReference = 9E2212E246D9E83CBBFD1E46 /* Pods-ccp_ios.release.xcconfig */;
			buildSettings = {
				ASSETCATALOG_COMPILER_APPICON_NAME = AppIcon;
				ASSETCATALOG_COMPILER_GLOBAL_ACCENT_COLOR_NAME = AccentColor;
				CODE_SIGN_STYLE = Automatic;
				CURRENT_PROJECT_VERSION = 1;
				DEVELOPMENT_TEAM = KVC8NZTYE2;
				GENERATE_INFOPLIST_FILE = YES;
				INFOPLIST_FILE = ccp_ios/Info.plist;
				INFOPLIST_KEY_CFBundleDisplayName = "myCOOLMAN RECREATIONAL";
				INFOPLIST_KEY_NSBluetoothAlwaysUsageDescription = "This app will use your bluetooth to connect the refrigation";
				INFOPLIST_KEY_NSBluetoothPeripheralUsageDescription = "This app will use your bluetooth to connect the refrigation";
				INFOPLIST_KEY_UIApplicationSupportsIndirectInputEvents = YES;
				INFOPLIST_KEY_UILaunchStoryboardName = LaunchScreen;
				INFOPLIST_KEY_UIMainStoryboardFile = Main;
				INFOPLIST_KEY_UISupportedInterfaceOrientations_iPad = "UIInterfaceOrientationPortrait UIInterfaceOrientationPortraitUpsideDown UIInterfaceOrientationLandscapeLeft UIInterfaceOrientationLandscapeRight";
				INFOPLIST_KEY_UISupportedInterfaceOrientations_iPhone = "UIInterfaceOrientationPortrait UIInterfaceOrientationLandscapeLeft UIInterfaceOrientationLandscapeRight";
				LD_RUNPATH_SEARCH_PATHS = (
					"$(inherited)",
					"@executable_path/Frameworks",
				);
				MARKETING_VERSION = 1.0;
				PRODUCT_BUNDLE_IDENTIFIER = "com.luoxs.www.ccp-ios";
				PRODUCT_NAME = "$(TARGET_NAME)";
				SWIFT_EMIT_LOC_STRINGS = YES;
				TARGETED_DEVICE_FAMILY = "1,2";
			};
			name = Release;
		};
/* End XCBuildConfiguration section */

/* Begin XCConfigurationList section */
		452B11062B4AD79000F9ADB2 /* Build configuration list for PBXProject "ccp_ios" */ = {
			isa = XCConfigurationList;
			buildConfigurations = (
				452B11222B4AD79200F9ADB2 /* Debug */,
				452B11232B4AD79200F9ADB2 /* Release */,
			);
			defaultConfigurationIsVisible = 0;
			defaultConfigurationName = Release;
		};
		452B11242B4AD79200F9ADB2 /* Build configuration list for PBXNativeTarget "ccp_ios" */ = {
			isa = XCConfigurationList;
			buildConfigurations = (
				452B11252B4AD79200F9ADB2 /* Debug */,
				452B11262B4AD79200F9ADB2 /* Release */,
			);
			defaultConfigurationIsVisible = 0;
			defaultConfigurationName = Release;
		};
/* End XCConfigurationList section */
	};
	rootObject = 452B11032B4AD79000F9ADB2 /* Project object */;
}
